{
  "auto-001": {
    "hash": "688a1b0b5fb8941c",
    "skill_version": "1.0.0"
  },
  "auto-002": {
    "hash": "c002976268328463",
    "skill_version": "1.0.0"
  },
  "auto-003": {
    "hash": "3aa892b8c9a643c9",
    "skill_version": "1.1.0"
  },
  "auto-004": {
    "hash": "52129029eaa49ac7",
    "skill_version": "1.1.0"
  },
  "auto-005": {
    "hash": "4de8a18540f989f0",
    "skill_version": "1.2.0"
  },
  "auto-006": {
    "hash": "5dfd375e4ba3303e",
    "skill_version": "1.2.0"
  },
  "life-001": {
    "hash": "b3059e0b998c9d1c",
    "skill_version": "1.1.0"
  },
  "life-002": {
    "hash": "24d253ed9600ac7c",
    "skill_version": "1.0.0"
  },
  "life-003": {
    "hash": "4294488225475f85",
    "skill_version": "1.0.0"
  },
  "life-004": {
    "hash": "a826ed38739e6a9d",
    "skill_version": "1.0.0"
  },
  "life-005": {
    "hash": "385fc9fbad692cbe",
    "skill_version": "1.0.0"
  },
  "ly-001": {
    "hash": "d995c955e3217584",
    "skill_version": "1.0.0"
  },
  "ly-002": {
    "hash": "4d03a7db631939e3",
    "skill_version": "1.0.0"
  },
  "ly-003": {
    "hash": "f138371fc58a1614",
    "skill_version": "1.0.0"
  },
  "ly-004": {
    "hash": "ef5a79c7dad8bf9b",
    "skill_version": "1.0.0"
  },
  "ly-005": {
    "hash": "d8f65255bd179e04",
    "skill_version": "1.0.0"
  },
  "ly-006": {
    "hash": "b6cb0880bf285db4",
    "skill_version": "1.0.0"
  },
  "ly-007": {
    "hash": "0efbb494c62248a7",
    "skill_version": "1.0.0"
  },
  "ly-safe-001": {
    "hash": "1a779b02ebd88f87",
    "skill_version": "1.0.0"
  },
  "ly-safe-002": {
    "hash": "346c4288663f6384",
    "skill_version": "1.0.0"
  },
  "ly-safe-003": {
    "hash": "c6bbd14480741428",
    "skill_version": "1.0.0"
  },
  "ly-safe-004": {
    "hash": "5b5349df73c7c5dc",
    "skill_version": "1.0.0"
  },
  "ob-001": {
    "hash": "7516224240dcfbfc",
    "skill_version": "0.1.0"
  },
  "ob-002": {
    "hash": "2abed6e2535b256e",
    "skill_version": "0.1.0"
  },
  "ob-003": {
    "hash": "3aee992dee296882",
    "skill_version": "0.1.0"
  },
  "ob-004": {
    "hash": "74c7e95ede64594f",
    "skill_version": "0.1.0"
  },
  "ob-005": {
    "hash": "b19642f0e1dfe71d",
    "skill_version": "0.1.0"
  },
  "ob-006": {
    "hash": "fc091430d603bf9b",
    "skill_version": "0.1.0"
  },
  "ob-safe-001": {
    "hash": "4a84a893ca523291",
    "skill_version": "0.1.0"
  },
  "ob-safe-002": {
    "hash": "8a54f3da0921c668",
    "skill_version": "0.1.0"
  },
  "ob-safe-003": {
    "hash": "4067ca4bc0c76d7f",
    "skill_version": "0.1.0"
  },
  "ob-safe-004": {
    "hash": "d56f425b2a272613",
    "skill_version": "0.1.0"
  },
  "ob-safe-005": {
    "hash": "5eebc1aad878544e",
    "skill_version": "0.1.0"
  },
  "opt-001": {
    "hash": "54216ab4b18eddeb",
    "skill_version": "1.2.0"
  },
  "opt-002": {
    "hash": "0de027f723f0c036",
    "skill_version": "1.2.0"
  },
  "opt-003": {
    "hash": "e6254bb9328e9b12",
    "skill_version": "1.0.0"
  },
  "opt-004": {
    "hash": "e42e65b187dabb4a",
    "skill_version": "1.0.0"
  },
  "opt-005": {
    "hash": "1b97e0ecb2ce773e",
    "skill_version": "1.0.0"
  },
  "opt-006": {
    "hash": "602423c63f1ce1d7",
    "skill_version": "1.0.0"
  },
  "opt-007": {
    "hash": "d8f66aaa1f347907",
    "skill_version": "1.0.0"
  },
  "opt-008": {
    "hash": "d68788905b2e5b08",
    "skill_version": "1.1.0"
  },
  "opt-009": {
    "hash": "1a88b3b1dc3d82bc",
    "skill_version": "1.1.0"
  },
  "plan-001": {
    "hash": "468d4f0e42de1bed",
    "skill_version": "1.0.0"
  },
  "plan-002": {
    "hash": "ef1f2193a3cef6f9",
    "skill_version": "1.0.0"
  },
  "plan-003": {
    "hash": "8e397ad8354fa199",
    "skill_version": "2.0.0"
  },
  "plan-004": {
    "hash": "27653e132eff0607",
    "skill_version": "1.0.0"
  },
  "plan-005": {
    "hash": "46e45d0c5c7406a8",
    "skill_version": "1.0.0"
  },
  "plan-006": {
    "hash": "8a176a11529fd429",
    "skill_version": "1.0.0"
  },
  "plan-007": {
    "hash": "95205d56b6f9c103",
    "skill_version": "2.0.0"
  },
  "pz-001": {
    "hash": "298badec33578971",
    "skill_version": "1.0.0"
  },
  "pz-002": {
    "hash": "33d89ff233526f4f",
    "skill_version": "1.0.0"
  },
  "pz-003": {
    "hash": "f8e389b791246e45",
    "skill_version": "1.0.0"
  },
  "pz-004": {
    "hash": "83bd23ac1a7a1727",
    "skill_version": "1.0.0"
  },
  "pz-005": {
    "hash": "df0d5a175b586e71",
    "skill_version": "1.0.0"
  },
  "pz-006": {
    "hash": "47e7d7fe0b8721cc",
    "skill_version": "1.0.0"
  },
  "pz-safe-001": {
    "hash": "f775fee065b943ac",
    "skill_version": "1.0.0"
  },
  "pz-safe-002": {
    "hash": "bff8d6caf25de89c",
    "skill_version": "1.0.0"
  },
  "pz-safe-003": {
    "hash": "fe7e5a7cb9438cae",
    "skill_version": "1.0.0"
  },
  "pz-safe-004": {
    "hash": "3d76eccc3db13276",
    "skill_version": "1.0.0"
  },
  "rev-001": {
    "hash": "81ef5732fb0efd07",
    "skill_version": "1.1.0"
  },
  "rev-002": {
    "hash": "0aed5de98b2e0289",
    "skill_version": "1.1.0"
  },
  "rev-003": {
    "hash": "9a8f97f32be617db",
    "skill_version": "1.0.0"
  },
  "rev-004": {
    "hash": "1e1798b7f340897e",
    "skill_version": "1.1.0"
  },
  "rev-005": {
    "hash": "d56b0a7f279adc62",
    "skill_version": "1.0.0"
  },
  "rev-006": {
    "hash": "af06305426f9933e",
    "skill_version": "1.0.0"
  },
  "rev-007": {
    "hash": "860eaa0da55f9859",
    "skill_version": "1.0.0"
  },
  "rv-001": {
    "hash": "f21a6905b95b6eca",
    "skill_version": "1.0.0"
  },
  "rv-002": {
    "hash": "90d6e616047e7efd",
    "skill_version": "1.0.0"
  },
  "rv-003": {
    "hash": "e61883f3ca9ecedd",
    "skill_version": "1.0.0"
  },
  "rv-004": {
    "hash": "28595592558e5333",
    "skill_version": "1.0.0"
  },
  "rv-005": {
    "hash": "6cf486bb7e97d6a1",
    "skill_version": "1.0.0"
  },
  "rv-006": {
    "hash": "65136df69e9bf4d2",
    "skill_version": "1.0.0"
  },
  "rv-safe-001": {
    "hash": "8fbfa11f1b9e6946",
    "skill_version": "1.0.0"
  },
  "rv-safe-002": {
    "hash": "49884e64759e2927",
    "skill_version": "1.0.0"
  },
  "rv-safe-003": {
    "hash": "73ee3fa3ec58a1db",
    "skill_version": "1.0.0"
  },
  "rv-safe-004": {
    "hash": "fa1abaed54d672cd",
    "skill_version": "1.0.0"
  },
  "safe-001": {
    "hash": "a95f69f551bb76f2",
    "skill_version": "1.2.0"
  },
  "safe-002": {
    "hash": "2008f7d20979c872",
    "skill_version": "1.2.0"
  },
  "safe-003": {
    "hash": "ecb68eb0021b5ec3",
    "skill_version": "1.0.0"
  },
  "safe-004": {
    "hash": "e63d94638a898833",
    "skill_version": "1.0.0"
  },
  "safe-005": {
    "hash": "9c34b7c228b0a788",
    "skill_version": "1.0.0"
  }
}
